<?xml version="1.0" encoding="utf-8"?>
<Project ToolsVersion="4.0" xmlns="http://schemas.microsoft.com/developer/msbuild/2003">
  <ItemGroup>
    <Filter Include="Input">
      <UniqueIdentifier>{aa63aeec-48ea-4f74-9e63-0e312ed1312a}</UniqueIdentifier>
    </Filter>
    <Filter Include="Render">
      <UniqueIdentifier>{a7ad7aee-4b0c-4a0d-81ee-b2128aab28d0}</UniqueIdentifier>
    </Filter>
    <Filter Include="Shaders">
      <UniqueIdentifier>{6b6ff054-9cc8-47de-a83c-4a4c1c475366}</UniqueIdentifier>
    </Filter>
    <Filter Include="Textures">
      <UniqueIdentifier>{cd3d94a8-47d9-4ed6-86f8-908a88344b6c}</UniqueIdentifier>
    </Filter>
    <Filter Include="Meshes">
      <UniqueIdentifier>{a9a0cd15-16a3-44a6-9a35-065b9f58ba2f}</UniqueIdentifier>
    </Filter>
  </ItemGroup>
  <ItemGroup>
    <ClCompile Include="InputHandler.cpp">
      <Filter>Input</Filter>
    </ClCompile>
    <ClCompile Include="FirstRender.cpp">
      <Filter>Render</Filter>
    </ClCompile>
    <ClCompile Include="main.cpp" />
    <ClCompile Include="SecondRender.cpp">
      <Filter>Render</Filter>
    </ClCompile>
    <ClCompile Include="CubeTransformRender.cpp">
      <Filter>Render</Filter>
    </ClCompile>
    <ClCompile Include="RenderModel.cpp">
      <Filter>Render</Filter>
    </ClCompile>
    <ClCompile Include="StaticMesh.cpp" />
  </ItemGroup>
  <ItemGroup>
    <ClInclude Include="InputHandler.h">
      <Filter>Input</Filter>
    </ClInclude>
    <ClInclude Include="FirstRender.h">
      <Filter>Render</Filter>
    </ClInclude>
    <ClInclude Include="SecondRender.h">
      <Filter>Render</Filter>
    </ClInclude>
    <ClInclude Include="CubeTransformRender.h">
      <Filter>Render</Filter>
    </ClInclude>
    <ClInclude Include="RenderModel.h">
      <Filter>Render</Filter>
    </ClInclude>
    <ClInclude Include="ms3dspec.h" />
    <ClInclude Include="StaticMesh.h" />
  </ItemGroup>
  <ItemGroup>
    <None Include="packages.config" />
    <None Include="Shader.dgsl">
      <Filter>Shaders</Filter>
    </None>
    <None Include="shader.fx" />
    <None Include="E:\Files\илья\directx 11 примеры\lesson b1\lesson\bin\mesh.ms3d">
      <Filter>Meshes</Filter>
    </None>
  </ItemGroup>
  <ItemGroup>
    <Image Include="texture.png">
      <Filter>Textures</Filter>
    </Image>
    <Image Include="E:\Files\илья\directx 11 примеры\lesson b1\lesson\bin\GoblinStatueBooty01.png">
      <Filter>Textures</Filter>
    </Image>
  </ItemGroup>
  <ItemGroup>
    <FxCompile Include="MeshPS.hlsl">
      <Filter>Shaders</Filter>
    </FxCompile>
    <FxCompile Include="MeshVS.hlsl">
      <Filter>Shaders</Filter>
    </FxCompile>
  </ItemGroup>
</Project>